// !$*UTF8*$!
{
	archiveVersion = 1;
	classes = {
	};
	objectVersion = 50;
	objects = {

/* Begin PBXBuildFile section */
		4B30D4CE239667E100882218 /* Note.swift in Sources */ = {isa = PBXBuildFile; fileRef = 4B30D4CD239667E100882218 /* Note.swift */; };
		4B30D4D323966A8100882218 /* NSObject+Utils.swift in Sources */ = {isa = PBXBuildFile; fileRef = 4B30D4D223966A8100882218 /* NSObject+Utils.swift */; };
		4B30D4D723966B2C00882218 /* NoteCell.swift in Sources */ = {isa = PBXBuildFile; fileRef = 4B30D4D623966B2C00882218 /* NoteCell.swift */; };
		4B30D4D92396720700882218 /* DateToString+Utils.swift in Sources */ = {isa = PBXBuildFile; fileRef = 4B30D4D82396720700882218 /* DateToString+Utils.swift */; };
		4B30D4DC2396777600882218 /* UIStoryBoard+Utils.swift in Sources */ = {isa = PBXBuildFile; fileRef = 4B30D4DB2396777600882218 /* UIStoryBoard+Utils.swift */; };
		4B30D4DE2396781100882218 /* NoteDetailsViewController.swift in Sources */ = {isa = PBXBuildFile; fileRef = 4B30D4DD2396781100882218 /* NoteDetailsViewController.swift */; };
		4B30D4E62397A08900882218 /* CoreDataManager.swift in Sources */ = {isa = PBXBuildFile; fileRef = 4B30D4E52397A08900882218 /* CoreDataManager.swift */; };
		4B30D4F22397B7E800882218 /* NoteEntity.xcdatamodeld in Sources */ = {isa = PBXBuildFile; fileRef = 4B30D4F02397B7E800882218 /* NoteEntity.xcdatamodeld */; };
		4B706D1823965AA500E1BA37 /* AppDelegate.swift in Sources */ = {isa = PBXBuildFile; fileRef = 4B706D1723965AA500E1BA37 /* AppDelegate.swift */; };
		4B706D1C23965AA500E1BA37 /* NotesListViewController.swift in Sources */ = {isa = PBXBuildFile; fileRef = 4B706D1B23965AA500E1BA37 /* NotesListViewController.swift */; };
		4B706D1F23965AA500E1BA37 /* Main.storyboard in Resources */ = {isa = PBXBuildFile; fileRef = 4B706D1D23965AA500E1BA37 /* Main.storyboard */; };
		4B706D2423965AA600E1BA37 /* Assets.xcassets in Resources */ = {isa = PBXBuildFile; fileRef = 4B706D2323965AA600E1BA37 /* Assets.xcassets */; };
		4B706D2723965AA600E1BA37 /* LaunchScreen.storyboard in Resources */ = {isa = PBXBuildFile; fileRef = 4B706D2523965AA600E1BA37 /* LaunchScreen.storyboard */; };
		4B7A98DA2397BA70009FD582 /* NoteEntity+CoreDataClass.swift in Sources */ = {isa = PBXBuildFile; fileRef = 4B7A98D82397BA70009FD582 /* NoteEntity+CoreDataClass.swift */; };
		4B7A98DB2397BA70009FD582 /* NoteEntity+CoreDataProperties.swift in Sources */ = {isa = PBXBuildFile; fileRef = 4B7A98D92397BA70009FD582 /* NoteEntity+CoreDataProperties.swift */; };
		4B7A98DD2397C6AF009FD582 /* NoteStorageManager.swift in Sources */ = {isa = PBXBuildFile; fileRef = 4B7A98DC2397C6AF009FD582 /* NoteStorageManager.swift */; };
/* End PBXBuildFile section */

/* Begin PBXFileReference section */
		4B30D4CD239667E100882218 /* Note.swift */ = {isa = PBXFileReference; lastKnownFileType = sourcecode.swift; path = Note.swift; sourceTree = "<group>"; };
		4B30D4D223966A8100882218 /* NSObject+Utils.swift */ = {isa = PBXFileReference; lastKnownFileType = sourcecode.swift; path = "NSObject+Utils.swift"; sourceTree = "<group>"; };
		4B30D4D623966B2C00882218 /* NoteCell.swift */ = {isa = PBXFileReference; lastKnownFileType = sourcecode.swift; path = NoteCell.swift; sourceTree = "<group>"; };
		4B30D4D82396720700882218 /* DateToString+Utils.swift */ = {isa = PBXFileReference; lastKnownFileType = sourcecode.swift; path = "DateToString+Utils.swift"; sourceTree = "<group>"; };
		4B30D4DB2396777600882218 /* UIStoryBoard+Utils.swift */ = {isa = PBXFileReference; lastKnownFileType = sourcecode.swift; path = "UIStoryBoard+Utils.swift"; sourceTree = "<group>"; };
		4B30D4DD2396781100882218 /* NoteDetailsViewController.swift */ = {isa = PBXFileReference; lastKnownFileType = sourcecode.swift; path = NoteDetailsViewController.swift; sourceTree = "<group>"; };
		4B30D4E52397A08900882218 /* CoreDataManager.swift */ = {isa = PBXFileReference; lastKnownFileType = sourcecode.swift; path = CoreDataManager.swift; sourceTree = "<group>"; };
		4B30D4F12397B7E800882218 /* NoteEntity.xcdatamodel */ = {isa = PBXFileReference; lastKnownFileType = wrapper.xcdatamodel; path = NoteEntity.xcdatamodel; sourceTree = "<group>"; };
		4B706D1423965AA500E1BA37 /* Notes.app */ = {isa = PBXFileReference; explicitFileType = wrapper.application; includeInIndex = 0; path = Notes.app; sourceTree = BUILT_PRODUCTS_DIR; };
		4B706D1723965AA500E1BA37 /* AppDelegate.swift */ = {isa = PBXFileReference; lastKnownFileType = sourcecode.swift; path = AppDelegate.swift; sourceTree = "<group>"; };
		4B706D1B23965AA500E1BA37 /* NotesListViewController.swift */ = {isa = PBXFileReference; lastKnownFileType = sourcecode.swift; path = NotesListViewController.swift; sourceTree = "<group>"; };
		4B706D1E23965AA500E1BA37 /* Base */ = {isa = PBXFileReference; lastKnownFileType = file.storyboard; name = Base; path = Base.lproj/Main.storyboard; sourceTree = "<group>"; };
		4B706D2323965AA600E1BA37 /* Assets.xcassets */ = {isa = PBXFileReference; lastKnownFileType = folder.assetcatalog; path = Assets.xcassets; sourceTree = "<group>"; };
		4B706D2623965AA600E1BA37 /* Base */ = {isa = PBXFileReference; lastKnownFileType = file.storyboard; name = Base; path = Base.lproj/LaunchScreen.storyboard; sourceTree = "<group>"; };
		4B706D2823965AA600E1BA37 /* Info.plist */ = {isa = PBXFileReference; lastKnownFileType = text.plist.xml; path = Info.plist; sourceTree = "<group>"; };
		4B7A98D82397BA70009FD582 /* NoteEntity+CoreDataClass.swift */ = {isa = PBXFileReference; lastKnownFileType = sourcecode.swift; path = "NoteEntity+CoreDataClass.swift"; sourceTree = SOURCE_ROOT; };
		4B7A98D92397BA70009FD582 /* NoteEntity+CoreDataProperties.swift */ = {isa = PBXFileReference; lastKnownFileType = sourcecode.swift; path = "NoteEntity+CoreDataProperties.swift"; sourceTree = SOURCE_ROOT; };
		4B7A98DC2397C6AF009FD582 /* NoteStorageManager.swift */ = {isa = PBXFileReference; lastKnownFileType = sourcecode.swift; path = NoteStorageManager.swift; sourceTree = "<group>"; };
/* End PBXFileReference section */

/* Begin PBXFrameworksBuildPhase section */
		4B706D1123965AA500E1BA37 /* Frameworks */ = {
			isa = PBXFrameworksBuildPhase;
			buildActionMask = 2147483647;
			files = (
			);
			runOnlyForDeploymentPostprocessing = 0;
		};
/* End PBXFrameworksBuildPhase section */

/* Begin PBXGroup section */
		4B30D4CF239667EA00882218 /* Model */ = {
			isa = PBXGroup;
			children = (
				4B30D4CD239667E100882218 /* Note.swift */,
			);
			path = Model;
			sourceTree = "<group>";
		};
		4B30D4D0239667F200882218 /* ViewControllers */ = {
			isa = PBXGroup;
			children = (
				4B30D4D523966B1A00882218 /* Cell */,
				4B706D1B23965AA500E1BA37 /* NotesListViewController.swift */,
				4B30D4DD2396781100882218 /* NoteDetailsViewController.swift */,
			);
			path = ViewControllers;
			sourceTree = "<group>";
		};
		4B30D4D123966A6600882218 /* Extensions */ = {
			isa = PBXGroup;
			children = (
				4B30D4D223966A8100882218 /* NSObject+Utils.swift */,
				4B30D4D82396720700882218 /* DateToString+Utils.swift */,
				4B30D4DB2396777600882218 /* UIStoryBoard+Utils.swift */,
			);
			path = Extensions;
			sourceTree = "<group>";
		};
		4B30D4D423966A9D00882218 /* CoreData */ = {
			isa = PBXGroup;
			children = (
				4B30D4EF2397AD5500882218 /* MOObject */,
				4B30D4E52397A08900882218 /* CoreDataManager.swift */,
				4B7A98DC2397C6AF009FD582 /* NoteStorageManager.swift */,
				4B30D4F02397B7E800882218 /* NoteEntity.xcdatamodeld */,
			);
			path = CoreData;
			sourceTree = "<group>";
		};
		4B30D4D523966B1A00882218 /* Cell */ = {
			isa = PBXGroup;
			children = (
				4B30D4D623966B2C00882218 /* NoteCell.swift */,
			);
			path = Cell;
			sourceTree = "<group>";
		};
		4B30D4EF2397AD5500882218 /* MOObject */ = {
			isa = PBXGroup;
			children = (
				4B7A98D82397BA70009FD582 /* NoteEntity+CoreDataClass.swift */,
				4B7A98D92397BA70009FD582 /* NoteEntity+CoreDataProperties.swift */,
			);
			name = MOObject;
			sourceTree = "<group>";
		};
		4B706D0B23965AA500E1BA37 = {
			isa = PBXGroup;
			children = (
				4B706D1623965AA500E1BA37 /* Notes */,
				4B706D1523965AA500E1BA37 /* Products */,
			);
			sourceTree = "<group>";
		};
		4B706D1523965AA500E1BA37 /* Products */ = {
			isa = PBXGroup;
			children = (
				4B706D1423965AA500E1BA37 /* Notes.app */,
			);
			name = Products;
			sourceTree = "<group>";
		};
		4B706D1623965AA500E1BA37 /* Notes */ = {
			isa = PBXGroup;
			children = (
				4B706D1723965AA500E1BA37 /* AppDelegate.swift */,
				4B706D1D23965AA500E1BA37 /* Main.storyboard */,
				4B30D4CF239667EA00882218 /* Model */,
				4B30D4D0239667F200882218 /* ViewControllers */,
				4B30D4D423966A9D00882218 /* CoreData */,
				4B30D4D123966A6600882218 /* Extensions */,
				4B706D2323965AA600E1BA37 /* Assets.xcassets */,
				4B706D2523965AA600E1BA37 /* LaunchScreen.storyboard */,
				4B706D2823965AA600E1BA37 /* Info.plist */,
			);
			path = Notes;
			sourceTree = "<group>";
		};
/* End PBXGroup section */

/* Begin PBXNativeTarget section */
		4B706D1323965AA500E1BA37 /* Notes */ = {
			isa = PBXNativeTarget;
			buildConfigurationList = 4B706D2B23965AA600E1BA37 /* Build configuration list for PBXNativeTarget "Notes" */;
			buildPhases = (
				4B706D1023965AA500E1BA37 /* Sources */,
				4B706D1123965AA500E1BA37 /* Frameworks */,
				4B706D1223965AA500E1BA37 /* Resources */,
				4B30D4DA239676D000882218 /* ShellScript */,
			);
			buildRules = (
			);
			dependencies = (
			);
			name = Notes;
			productName = Notes;
			productReference = 4B706D1423965AA500E1BA37 /* Notes.app */;
			productType = "com.apple.product-type.application";
		};
/* End PBXNativeTarget section */

/* Begin PBXProject section */
		4B706D0C23965AA500E1BA37 /* Project object */ = {
			isa = PBXProject;
			attributes = {
				LastSwiftUpdateCheck = 1120;
				LastUpgradeCheck = 1120;
				ORGANIZATIONNAME = "Darya Kuliashova";
				TargetAttributes = {
					4B706D1323965AA500E1BA37 = {
						CreatedOnToolsVersion = 11.2.1;
					};
				};
			};
			buildConfigurationList = 4B706D0F23965AA500E1BA37 /* Build configuration list for PBXProject "Notes" */;
			compatibilityVersion = "Xcode 9.3";
			developmentRegion = en;
			hasScannedForEncodings = 0;
			knownRegions = (
				en,
				Base,
			);
			mainGroup = 4B706D0B23965AA500E1BA37;
			productRefGroup = 4B706D1523965AA500E1BA37 /* Products */;
			projectDirPath = "";
			projectRoot = "";
			targets = (
				4B706D1323965AA500E1BA37 /* Notes */,
			);
		};
/* End PBXProject section */

/* Begin PBXResourcesBuildPhase section */
		4B706D1223965AA500E1BA37 /* Resources */ = {
			isa = PBXResourcesBuildPhase;
			buildActionMask = 2147483647;
			files = (
				4B706D2723965AA600E1BA37 /* LaunchScreen.storyboard in Resources */,
				4B706D2423965AA600E1BA37 /* Assets.xcassets in Resources */,
				4B706D1F23965AA500E1BA37 /* Main.storyboard in Resources */,
			);
			runOnlyForDeploymentPostprocessing = 0;
		};
/* End PBXResourcesBuildPhase section */

/* Begin PBXShellScriptBuildPhase section */
		4B30D4DA239676D000882218 /* ShellScript */ = {
			isa = PBXShellScriptBuildPhase;
			buildActionMask = 2147483647;
			files = (
			);
			inputFileListPaths = (
			);
			inputPaths = (
			);
			outputFileListPaths = (
			);
			outputPaths = (
			);
			runOnlyForDeploymentPostprocessing = 0;
			shellPath = /bin/sh;
			shellScript = "TAGS=\"TODO:|FIXME:\"\nERRORTAG=\"ERROR:\"\nfind \"${SRCROOT}\" \\( -name \"*.h\" -or -name \"*.m\" -or -name \"*.swift\" \\) -print0 | xargs -0 egrep --with-filename --line-number --only-matching \"($TAGS).*\\$|($ERRORTAG).*\\$\" | perl -p -e \"s/($TAGS)/ warning: \\$1/\" | perl -p -e \"s/($ERRORTAG)/ error: \\$1/\"\n";
		};
/* End PBXShellScriptBuildPhase section */

/* Begin PBXSourcesBuildPhase section */
		4B706D1023965AA500E1BA37 /* Sources */ = {
			isa = PBXSourcesBuildPhase;
			buildActionMask = 2147483647;
			files = (
				4B7A98DA2397BA70009FD582 /* NoteEntity+CoreDataClass.swift in Sources */,
				4B706D1C23965AA500E1BA37 /* NotesListViewController.swift in Sources */,
				4B7A98DD2397C6AF009FD582 /* NoteStorageManager.swift in Sources */,
				4B706D1823965AA500E1BA37 /* AppDelegate.swift in Sources */,
				4B30D4DE2396781100882218 /* NoteDetailsViewController.swift in Sources */,
				4B30D4D323966A8100882218 /* NSObject+Utils.swift in Sources */,
				4B30D4F22397B7E800882218 /* NoteEntity.xcdatamodeld in Sources */,
				4B30D4CE239667E100882218 /* Note.swift in Sources */,
				4B30D4D92396720700882218 /* DateToString+Utils.swift in Sources */,
				4B7A98DB2397BA70009FD582 /* NoteEntity+CoreDataProperties.swift in Sources */,
				4B30D4DC2396777600882218 /* UIStoryBoard+Utils.swift in Sources */,
				4B30D4E62397A08900882218 /* CoreDataManager.swift in Sources */,
				4B30D4D723966B2C00882218 /* NoteCell.swift in Sources */,
			);
			runOnlyForDeploymentPostprocessing = 0;
		};
/* End PBXSourcesBuildPhase section */

/* Begin PBXVariantGroup section */
		4B706D1D23965AA500E1BA37 /* Main.storyboard */ = {
			isa = PBXVariantGroup;
			children = (
				4B706D1E23965AA500E1BA37 /* Base */,
			);
			name = Main.storyboard;
			sourceTree = "<group>";
		};
		4B706D2523965AA600E1BA37 /* LaunchScreen.storyboard */ = {
			isa = PBXVariantGroup;
			children = (
				4B706D2623965AA600E1BA37 /* Base */,
			);
			name = LaunchScreen.storyboard;
			sourceTree = "<group>";
		};
/* End PBXVariantGroup section */

/* Begin XCBuildConfiguration section */
		4B706D2923965AA600E1BA37 /* Debug */ = {
			isa = XCBuildConfiguration;
			buildSettings = {
				ALWAYS_SEARCH_USER_PATHS = NO;
				CLANG_ANALYZER_NONNULL = YES;
				CLANG_ANALYZER_NUMBER_OBJECT_CONVERSION = YES_AGGRESSIVE;
				CLANG_CXX_LANGUAGE_STANDARD = "gnu++14";
				CLANG_CXX_LIBRARY = "libc++";
				CLANG_ENABLE_MODULES = YES;
				CLANG_ENABLE_OBJC_ARC = YES;
				CLANG_ENABLE_OBJC_WEAK = YES;
				CLANG_WARN_BLOCK_CAPTURE_AUTORELEASING = YES;
				CLANG_WARN_BOOL_CONVERSION = YES;
				CLANG_WARN_COMMA = YES;
				CLANG_WARN_CONSTANT_CONVERSION = YES;
				CLANG_WARN_DEPRECATED_OBJC_IMPLEMENTATIONS = YES;
				CLANG_WARN_DIRECT_OBJC_ISA_USAGE = YES_ERROR;
				CLANG_WARN_DOCUMENTATION_COMMENTS = YES;
				CLANG_WARN_EMPTY_BODY = YES;
				CLANG_WARN_ENUM_CONVERSION = YES;
				CLANG_WARN_INFINITE_RECURSION = YES;
				CLANG_WARN_INT_CONVERSION = YES;
				CLANG_WARN_NON_LITERAL_NULL_CONVERSION = YES;
				CLANG_WARN_OBJC_IMPLICIT_RETAIN_SELF = YES;
				CLANG_WARN_OBJC_LITERAL_CONVERSION = YES;
				CLANG_WARN_OBJC_ROOT_CLASS = YES_ERROR;
				CLANG_WARN_RANGE_LOOP_ANALYSIS = YES;
				CLANG_WARN_STRICT_PROTOTYPES = YES;
				CLANG_WARN_SUSPICIOUS_MOVE = YES;
				CLANG_WARN_UNGUARDED_AVAILABILITY = YES_AGGRESSIVE;
				CLANG_WARN_UNREACHABLE_CODE = YES;
				CLANG_WARN__DUPLICATE_METHOD_MATCH = YES;
				COPY_PHASE_STRIP = NO;
				DEBUG_INFORMATION_FORMAT = dwarf;
				ENABLE_STRICT_OBJC_MSGSEND = YES;
				ENABLE_TESTABILITY = YES;
				GCC_C_LANGUAGE_STANDARD = gnu11;
				GCC_DYNAMIC_NO_PIC = NO;
				GCC_NO_COMMON_BLOCKS = YES;
				GCC_OPTIMIZATION_LEVEL = 0;
				GCC_PREPROCESSOR_DEFINITIONS = (
					"DEBUG=1",
					"$(inherited)",
				);
				GCC_WARN_64_TO_32_BIT_CONVERSION = YES;
				GCC_WARN_ABOUT_RETURN_TYPE = YES_ERROR;
				GCC_WARN_UNDECLARED_SELECTOR = YES;
				GCC_WARN_UNINITIALIZED_AUTOS = YES_AGGRESSIVE;
				GCC_WARN_UNUSED_FUNCTION = YES;
				GCC_WARN_UNUSED_VARIABLE = YES;
				IPHONEOS_DEPLOYMENT_TARGET = 13.2;
				MTL_ENABLE_DEBUG_INFO = INCLUDE_SOURCE;
				MTL_FAST_MATH = YES;
				ONLY_ACTIVE_ARCH = YES;
				SDKROOT = iphoneos;
				SWIFT_ACTIVE_COMPILATION_CONDITIONS = DEBUG;
				SWIFT_OPTIMIZATION_LEVEL = "-Onone";
			};
			name = Debug;
		};
		4B706D2A23965AA600E1BA37 /* Release */ = {
			isa = XCBuildConfiguration;
			buildSettings = {
				ALWAYS_SEARCH_USER_PATHS = NO;
				CLANG_ANALYZER_NONNULL = YES;
				CLANG_ANALYZER_NUMBER_OBJECT_CONVERSION = YES_AGGRESSIVE;
				CLANG_CXX_LANGUAGE_STANDARD = "gnu++14";
				CLANG_CXX_LIBRARY = "libc++";
				CLANG_ENABLE_MODULES = YES;
				CLANG_ENABLE_OBJC_ARC = YES;
				CLANG_ENABLE_OBJC_WEAK = YES;
				CLANG_WARN_BLOCK_CAPTURE_AUTORELEASING = YES;
				CLANG_WARN_BOOL_CONVERSION = YES;
				CLANG_WARN_COMMA = YES;
				CLANG_WARN_CONSTANT_CONVERSION = YES;
				CLANG_WARN_DEPRECATED_OBJC_IMPLEMENTATIONS = YES;
				CLANG_WARN_DIRECT_OBJC_ISA_USAGE = YES_ERROR;
				CLANG_WARN_DOCUMENTATION_COMMENTS = YES;
				CLANG_WARN_EMPTY_BODY = YES;
				CLANG_WARN_ENUM_CONVERSION = YES;
				CLANG_WARN_INFINITE_RECURSION = YES;
				CLANG_WARN_INT_CONVERSION = YES;
				CLANG_WARN_NON_LITERAL_NULL_CONVERSION = YES;
				CLANG_WARN_OBJC_IMPLICIT_RETAIN_SELF = YES;
				CLANG_WARN_OBJC_LITERAL_CONVERSION = YES;
				CLANG_WARN_OBJC_ROOT_CLASS = YES_ERROR;
				CLANG_WARN_RANGE_LOOP_ANALYSIS = YES;
				CLANG_WARN_STRICT_PROTOTYPES = YES;
				CLANG_WARN_SUSPICIOUS_MOVE = YES;
				CLANG_WARN_UNGUARDED_AVAILABILITY = YES_AGGRESSIVE;
				CLANG_WARN_UNREACHABLE_CODE = YES;
				CLANG_WARN__DUPLICATE_METHOD_MATCH = YES;
				COPY_PHASE_STRIP = NO;
				DEBUG_INFORMATION_FORMAT = "dwarf-with-dsym";
				ENABLE_NS_ASSERTIONS = NO;
				ENABLE_STRICT_OBJC_MSGSEND = YES;
				GCC_C_LANGUAGE_STANDARD = gnu11;
				GCC_NO_COMMON_BLOCKS = YES;
				GCC_WARN_64_TO_32_BIT_CONVERSION = YES;
				GCC_WARN_ABOUT_RETURN_TYPE = YES_ERROR;
				GCC_WARN_UNDECLARED_SELECTOR = YES;
				GCC_WARN_UNINITIALIZED_AUTOS = YES_AGGRESSIVE;
				GCC_WARN_UNUSED_FUNCTION = YES;
				GCC_WARN_UNUSED_VARIABLE = YES;
				IPHONEOS_DEPLOYMENT_TARGET = 13.2;
				MTL_ENABLE_DEBUG_INFO = NO;
				MTL_FAST_MATH = YES;
				SDKROOT = iphoneos;
				SWIFT_COMPILATION_MODE = wholemodule;
				SWIFT_OPTIMIZATION_LEVEL = "-O";
				VALIDATE_PRODUCT = YES;
			};
			name = Release;
		};
		4B706D2C23965AA600E1BA37 /* Debug */ = {
			isa = XCBuildConfiguration;
			buildSettings = {
				ASSETCATALOG_COMPILER_APPICON_NAME = AppIcon;
				CODE_SIGN_STYLE = Automatic;
				INFOPLIST_FILE = Notes/Info.plist;
				IPHONEOS_DEPLOYMENT_TARGET = 11.1;
				LD_RUNPATH_SEARCH_PATHS = (
					"$(inherited)",
					"@executable_path/Frameworks",
				);
				PRODUCT_BUNDLE_IDENTIFIER = kuldarya.Notes;
				PRODUCT_NAME = "$(TARGET_NAME)";
				SWIFT_VERSION = 5.0;
				TARGETED_DEVICE_FAMILY = "1,2";
			};
			name = Debug;
		};
		4B706D2D23965AA600E1BA37 /* Release */ = {
			isa = XCBuildConfiguration;
			buildSettings = {
				ASSETCATALOG_COMPILER_APPICON_NAME = AppIcon;
				CODE_SIGN_STYLE = Automatic;
				INFOPLIST_FILE = Notes/Info.plist;
				IPHONEOS_DEPLOYMENT_TARGET = 11.1;
				LD_RUNPATH_SEARCH_PATHS = (
					"$(inherited)",
					"@executable_path/Frameworks",
				);
				PRODUCT_BUNDLE_IDENTIFIER = kuldarya.Notes;
				PRODUCT_NAME = "$(TARGET_NAME)";
				SWIFT_VERSION = 5.0;
				TARGETED_DEVICE_FAMILY = "1,2";
			};
			name = Release;
		};
/* End XCBuildConfiguration section */

/* Begin XCConfigurationList section */
		4B706D0F23965AA500E1BA37 /* Build configuration list for PBXProject "Notes" */ = {
			isa = XCConfigurationList;
			buildConfigurations = (
				4B706D2923965AA600E1BA37 /* Debug */,
				4B706D2A23965AA600E1BA37 /* Release */,
			);
			defaultConfigurationIsVisible = 0;
			defaultConfigurationName = Release;
		};
		4B706D2B23965AA600E1BA37 /* Build configuration list for PBXNativeTarget "Notes" */ = {
			isa = XCConfigurationList;
			buildConfigurations = (
				4B706D2C23965AA600E1BA37 /* Debug */,
				4B706D2D23965AA600E1BA37 /* Release */,
			);
			defaultConfigurationIsVisible = 0;
			defaultConfigurationName = Release;
		};
/* End XCConfigurationList section */

/* Begin XCVersionGroup section */
		4B30D4F02397B7E800882218 /* NoteEntity.xcdatamodeld */ = {
			isa = XCVersionGroup;
			children = (
				4B30D4F12397B7E800882218 /* NoteEntity.xcdatamodel */,
			);
			currentVersion = 4B30D4F12397B7E800882218 /* NoteEntity.xcdatamodel */;
			path = NoteEntity.xcdatamodeld;
			sourceTree = "<group>";
			versionGroupType = wrapper.xcdatamodel;
		};
/* End XCVersionGroup section */
	};
	rootObject = 4B706D0C23965AA500E1BA37 /* Project object */;
}
